
Microsoft Visual Studio Solution File, Format Version 12.00
# Visual Studio Version 17
VisualStudioVersion = 17.10.34804.81
MinimumVisualStudioVersion = 10.0.40219.1
Project("{FAE04EC0-301F-11D3-BF4B-00C04F79EFBC}") = "TestDB", "TestDB\TestDB.csproj", "{A277BF42-6D7A-4727-BE3D-BA467E421053}"
EndProject
Global
	GlobalSection(SolutionConfigurationPlatforms) = preSolution
		Debug|Any CPU = Debug|Any CPU
		Release|Any CPU = Release|Any CPU
	EndGlobalSection
	GlobalSection(ProjectConfigurationPlatforms) = postSolution
		{A277BF42-6D7A-4727-BE3D-BA467E421053}.Debug|Any CPU.ActiveCfg = Debug|Any CPU
		{A277BF42-6D7A-4727-BE3D-BA467E421053}.Debug|Any CPU.Build.0 = Debug|Any CPU
		{A277BF42-6D7A-4727-BE3D-BA467E421053}.Release|Any CPU.ActiveCfg = Release|Any CPU
		{A277BF42-6D7A-4727-BE3D-BA467E421053}.Release|Any CPU.Build.0 = Release|Any CPU
	EndGlobalSection
	GlobalSection(SolutionProperties) = preSolution
		HideSolutionNode = FALSE
	EndGlobalSection
	GlobalSection(ExtensibilityGlobals) = postSolution
		SolutionGuid = {87D42103-CFDE-4A3E-B049-B55CB29911BE}
	EndGlobalSection
EndGlobal
